// !$*UTF8*$!
{
	archiveVersion = 1;
	classes = {
	};
	objectVersion = 50;
	objects = {

/* Begin PBXBuildFile section */
		331B6F582343B38C0001C520 /* AppDelegate.swift in Sources */ = {isa = PBXBuildFile; fileRef = 331B6F572343B38C0001C520 /* AppDelegate.swift */; };
		331B6F5A2343B38C0001C520 /* SceneDelegate.swift in Sources */ = {isa = PBXBuildFile; fileRef = 331B6F592343B38C0001C520 /* SceneDelegate.swift */; };
		331B6F5F2343B38C0001C520 /* Main.storyboard in Resources */ = {isa = PBXBuildFile; fileRef = 331B6F5D2343B38C0001C520 /* Main.storyboard */; };
		331B6F612343B38D0001C520 /* Assets.xcassets in Resources */ = {isa = PBXBuildFile; fileRef = 331B6F602343B38D0001C520 /* Assets.xcassets */; };
		331B6F642343B38D0001C520 /* LaunchScreen.storyboard in Resources */ = {isa = PBXBuildFile; fileRef = 331B6F622343B38D0001C520 /* LaunchScreen.storyboard */; };
		331B6F6C2343B48A0001C520 /* AudioRecorderController.swift in Sources */ = {isa = PBXBuildFile; fileRef = 331B6F6B2343B48A0001C520 /* AudioRecorderController.swift */; };
		331B6F6E2343B5370001C520 /* piano.mp3 in Resources */ = {isa = PBXBuildFile; fileRef = 331B6F6D2343B5360001C520 /* piano.mp3 */; };
		331B6F702343B99E0001C520 /* AudioPlayer.swift in Sources */ = {isa = PBXBuildFile; fileRef = 331B6F6F2343B99E0001C520 /* AudioPlayer.swift */; };
		331B6F722343C9CA0001C520 /* AudioRecorder.swift in Sources */ = {isa = PBXBuildFile; fileRef = 331B6F712343C9CA0001C520 /* AudioRecorder.swift */; };
/* End PBXBuildFile section */

/* Begin PBXFileReference section */
		331B6F542343B38C0001C520 /* iOS8-SimpleAudioRecorder.app */ = {isa = PBXFileReference; explicitFileType = wrapper.application; includeInIndex = 0; path = "iOS8-SimpleAudioRecorder.app"; sourceTree = BUILT_PRODUCTS_DIR; };
		331B6F572343B38C0001C520 /* AppDelegate.swift */ = {isa = PBXFileReference; lastKnownFileType = sourcecode.swift; path = AppDelegate.swift; sourceTree = "<group>"; };
		331B6F592343B38C0001C520 /* SceneDelegate.swift */ = {isa = PBXFileReference; lastKnownFileType = sourcecode.swift; path = SceneDelegate.swift; sourceTree = "<group>"; };
		331B6F5E2343B38C0001C520 /* Base */ = {isa = PBXFileReference; lastKnownFileType = file.storyboard; name = Base; path = Base.lproj/Main.storyboard; sourceTree = "<group>"; };
		331B6F602343B38D0001C520 /* Assets.xcassets */ = {isa = PBXFileReference; lastKnownFileType = folder.assetcatalog; path = Assets.xcassets; sourceTree = "<group>"; };
		331B6F632343B38D0001C520 /* Base */ = {isa = PBXFileReference; lastKnownFileType = file.storyboard; name = Base; path = Base.lproj/LaunchScreen.storyboard; sourceTree = "<group>"; };
		331B6F652343B38D0001C520 /* Info.plist */ = {isa = PBXFileReference; lastKnownFileType = text.plist.xml; path = Info.plist; sourceTree = "<group>"; };
		331B6F6B2343B48A0001C520 /* AudioRecorderController.swift */ = {isa = PBXFileReference; fileEncoding = 4; lastKnownFileType = sourcecode.swift; path = AudioRecorderController.swift; sourceTree = "<group>"; };
		331B6F6D2343B5360001C520 /* piano.mp3 */ = {isa = PBXFileReference; lastKnownFileType = audio.mp3; path = piano.mp3; sourceTree = "<group>"; };
		331B6F6F2343B99E0001C520 /* AudioPlayer.swift */ = {isa = PBXFileReference; lastKnownFileType = sourcecode.swift; path = AudioPlayer.swift; sourceTree = "<group>"; };
		331B6F712343C9CA0001C520 /* AudioRecorder.swift */ = {isa = PBXFileReference; lastKnownFileType = sourcecode.swift; path = AudioRecorder.swift; sourceTree = "<group>"; };
/* End PBXFileReference section */

/* Begin PBXFrameworksBuildPhase section */
		331B6F512343B38C0001C520 /* Frameworks */ = {
			isa = PBXFrameworksBuildPhase;
			buildActionMask = 2147483647;
			files = (
			);
			runOnlyForDeploymentPostprocessing = 0;
		};
/* End PBXFrameworksBuildPhase section */

/* Begin PBXGroup section */
		331B6F4B2343B38C0001C520 = {
			isa = PBXGroup;
			children = (
				331B6F562343B38C0001C520 /* iOS8-SimpleAudioRecorder */,
				331B6F552343B38C0001C520 /* Products */,
			);
			sourceTree = "<group>";
		};
		331B6F552343B38C0001C520 /* Products */ = {
			isa = PBXGroup;
			children = (
				331B6F542343B38C0001C520 /* iOS8-SimpleAudioRecorder.app */,
			);
			name = Products;
			sourceTree = "<group>";
		};
		331B6F562343B38C0001C520 /* iOS8-SimpleAudioRecorder */ = {
			isa = PBXGroup;
			children = (
				331B6F572343B38C0001C520 /* AppDelegate.swift */,
				331B6F6B2343B48A0001C520 /* AudioRecorderController.swift */,
				331B6F6F2343B99E0001C520 /* AudioPlayer.swift */,
				331B6F712343C9CA0001C520 /* AudioRecorder.swift */,
				331B6F592343B38C0001C520 /* SceneDelegate.swift */,
				331B6F5D2343B38C0001C520 /* Main.storyboard */,
				331B6F602343B38D0001C520 /* Assets.xcassets */,
				331B6F6D2343B5360001C520 /* piano.mp3 */,
				331B6F622343B38D0001C520 /* LaunchScreen.storyboard */,
				331B6F652343B38D0001C520 /* Info.plist */,
			);
			path = "iOS8-SimpleAudioRecorder";
			sourceTree = "<group>";
		};
/* End PBXGroup section */

/* Begin PBXNativeTarget section */
		331B6F532343B38C0001C520 /* iOS8-SimpleAudioRecorder */ = {
			isa = PBXNativeTarget;
			buildConfigurationList = 331B6F682343B38D0001C520 /* Build configuration list for PBXNativeTarget "iOS8-SimpleAudioRecorder" */;
			buildPhases = (
				331B6F502343B38C0001C520 /* Sources */,
				331B6F512343B38C0001C520 /* Frameworks */,
				331B6F522343B38C0001C520 /* Resources */,
			);
			buildRules = (
			);
			dependencies = (
			);
			name = "iOS8-SimpleAudioRecorder";
			productName = "iOS8-SimpleAudioRecorder";
			productReference = 331B6F542343B38C0001C520 /* iOS8-SimpleAudioRecorder.app */;
			productType = "com.apple.product-type.application";
		};
/* End PBXNativeTarget section */

/* Begin PBXProject section */
		331B6F4C2343B38C0001C520 /* Project object */ = {
			isa = PBXProject;
			attributes = {
				LastSwiftUpdateCheck = 1100;
				LastUpgradeCheck = 1100;
				ORGANIZATIONNAME = "Red_Egg Productions";
				TargetAttributes = {
					331B6F532343B38C0001C520 = {
						CreatedOnToolsVersion = 11.0;
					};
				};
			};
			buildConfigurationList = 331B6F4F2343B38C0001C520 /* Build configuration list for PBXProject "iOS8-SimpleAudioRecorder" */;
			compatibilityVersion = "Xcode 9.3";
			developmentRegion = en;
			hasScannedForEncodings = 0;
			knownRegions = (
				en,
				Base,
			);
			mainGroup = 331B6F4B2343B38C0001C520;
			productRefGroup = 331B6F552343B38C0001C520 /* Products */;
			projectDirPath = "";
			projectRoot = "";
			targets = (
				331B6F532343B38C0001C520 /* iOS8-SimpleAudioRecorder */,
			);
		};
/* End PBXProject section */

/* Begin PBXResourcesBuildPhase section */
		331B6F522343B38C0001C520 /* Resources */ = {
			isa = PBXResourcesBuildPhase;
			buildActionMask = 2147483647;
			files = (
				331B6F642343B38D0001C520 /* LaunchScreen.storyboard in Resources */,
				331B6F612343B38D0001C520 /* Assets.xcassets in Resources */,
				331B6F6E2343B5370001C520 /* piano.mp3 in Resources */,
				331B6F5F2343B38C0001C520 /* Main.storyboard in Resources */,
			);
			runOnlyForDeploymentPostprocessing = 0;
		};
/* End PBXResourcesBuildPhase section */

/* Begin PBXSourcesBuildPhase section */
		331B6F502343B38C0001C520 /* Sources */ = {
			isa = PBXSourcesBuildPhase;
			buildActionMask = 2147483647;
			files = (
				331B6F6C2343B48A0001C520 /* AudioRecorderController.swift in Sources */,
				331B6F582343B38C0001C520 /* AppDelegate.swift in Sources */,
				331B6F5A2343B38C0001C520 /* SceneDelegate.swift in Sources */,
				331B6F702343B99E0001C520 /* AudioPlayer.swift in Sources */,
				331B6F722343C9CA0001C520 /* AudioRecorder.swift in Sources */,
			);
			runOnlyForDeploymentPostprocessing = 0;
		};
/* End PBXSourcesBuildPhase section */

/* Begin PBXVariantGroup section */
		331B6F5D2343B38C0001C520 /* Main.storyboard */ = {
			isa = PBXVariantGroup;
			children = (
				331B6F5E2343B38C0001C520 /* Base */,
			);
			name = Main.storyboard;
			sourceTree = "<group>";
		};
		331B6F622343B38D0001C520 /* LaunchScreen.storyboard */ = {
			isa = PBXVariantGroup;
			children = (
				331B6F632343B38D0001C520 /* Base */,
			);
			name = LaunchScreen.storyboard;
			sourceTree = "<group>";
		};
/* End PBXVariantGroup section */

/* Begin XCBuildConfiguration section */
		331B6F662343B38D0001C520 /* Debug */ = {
			isa = XCBuildConfiguration;
			buildSettings = {
				ALWAYS_SEARCH_USER_PATHS = NO;
				CLANG_ANALYZER_NONNULL = YES;
				CLANG_ANALYZER_NUMBER_OBJECT_CONVERSION = YES_AGGRESSIVE;
				CLANG_CXX_LANGUAGE_STANDARD = "gnu++14";
				CLANG_CXX_LIBRARY = "libc++";
				CLANG_ENABLE_MODULES = YES;
				CLANG_ENABLE_OBJC_ARC = YES;
				CLANG_ENABLE_OBJC_WEAK = YES;
				CLANG_WARN_BLOCK_CAPTURE_AUTORELEASING = YES;
				CLANG_WARN_BOOL_CONVERSION = YES;
				CLANG_WARN_COMMA = YES;
				CLANG_WARN_CONSTANT_CONVERSION = YES;
				CLANG_WARN_DEPRECATED_OBJC_IMPLEMENTATIONS = YES;
				CLANG_WARN_DIRECT_OBJC_ISA_USAGE = YES_ERROR;
				CLANG_WARN_DOCUMENTATION_COMMENTS = YES;
				CLANG_WARN_EMPTY_BODY = YES;
				CLANG_WARN_ENUM_CONVERSION = YES;
				CLANG_WARN_INFINITE_RECURSION = YES;
				CLANG_WARN_INT_CONVERSION = YES;
				CLANG_WARN_NON_LITERAL_NULL_CONVERSION = YES;
				CLANG_WARN_OBJC_IMPLICIT_RETAIN_SELF = YES;
				CLANG_WARN_OBJC_LITERAL_CONVERSION = YES;
				CLANG_WARN_OBJC_ROOT_CLASS = YES_ERROR;
				CLANG_WARN_RANGE_LOOP_ANALYSIS = YES;
				CLANG_WARN_STRICT_PROTOTYPES = YES;
				CLANG_WARN_SUSPICIOUS_MOVE = YES;
				CLANG_WARN_UNGUARDED_AVAILABILITY = YES_AGGRESSIVE;
				CLANG_WARN_UNREACHABLE_CODE = YES;
				CLANG_WARN__DUPLICATE_METHOD_MATCH = YES;
				COPY_PHASE_STRIP = NO;
				DEBUG_INFORMATION_FORMAT = dwarf;
				ENABLE_STRICT_OBJC_MSGSEND = YES;
				ENABLE_TESTABILITY = YES;
				GCC_C_LANGUAGE_STANDARD = gnu11;
				GCC_DYNAMIC_NO_PIC = NO;
				GCC_NO_COMMON_BLOCKS = YES;
				GCC_OPTIMIZATION_LEVEL = 0;
				GCC_PREPROCESSOR_DEFINITIONS = (
					"DEBUG=1",
					"$(inherited)",
				);
				GCC_WARN_64_TO_32_BIT_CONVERSION = YES;
				GCC_WARN_ABOUT_RETURN_TYPE = YES_ERROR;
				GCC_WARN_UNDECLARED_SELECTOR = YES;
				GCC_WARN_UNINITIALIZED_AUTOS = YES_AGGRESSIVE;
				GCC_WARN_UNUSED_FUNCTION = YES;
				GCC_WARN_UNUSED_VARIABLE = YES;
				IPHONEOS_DEPLOYMENT_TARGET = 13.0;
				MTL_ENABLE_DEBUG_INFO = INCLUDE_SOURCE;
				MTL_FAST_MATH = YES;
				ONLY_ACTIVE_ARCH = YES;
				SDKROOT = iphoneos;
				SWIFT_ACTIVE_COMPILATION_CONDITIONS = DEBUG;
				SWIFT_OPTIMIZATION_LEVEL = "-Onone";
			};
			name = Debug;
		};
		331B6F672343B38D0001C520 /* Release */ = {
			isa = XCBuildConfiguration;
			buildSettings = {
				ALWAYS_SEARCH_USER_PATHS = NO;
				CLANG_ANALYZER_NONNULL = YES;
				CLANG_ANALYZER_NUMBER_OBJECT_CONVERSION = YES_AGGRESSIVE;
				CLANG_CXX_LANGUAGE_STANDARD = "gnu++14";
				CLANG_CXX_LIBRARY = "libc++";
				CLANG_ENABLE_MODULES = YES;
				CLANG_ENABLE_OBJC_ARC = YES;
				CLANG_ENABLE_OBJC_WEAK = YES;
				CLANG_WARN_BLOCK_CAPTURE_AUTORELEASING = YES;
				CLANG_WARN_BOOL_CONVERSION = YES;
				CLANG_WARN_COMMA = YES;
				CLANG_WARN_CONSTANT_CONVERSION = YES;
				CLANG_WARN_DEPRECATED_OBJC_IMPLEMENTATIONS = YES;
				CLANG_WARN_DIRECT_OBJC_ISA_USAGE = YES_ERROR;
				CLANG_WARN_DOCUMENTATION_COMMENTS = YES;
				CLANG_WARN_EMPTY_BODY = YES;
				CLANG_WARN_ENUM_CONVERSION = YES;
				CLANG_WARN_INFINITE_RECURSION = YES;
				CLANG_WARN_INT_CONVERSION = YES;
				CLANG_WARN_NON_LITERAL_NULL_CONVERSION = YES;
				CLANG_WARN_OBJC_IMPLICIT_RETAIN_SELF = YES;
				CLANG_WARN_OBJC_LITERAL_CONVERSION = YES;
				CLANG_WARN_OBJC_ROOT_CLASS = YES_ERROR;
				CLANG_WARN_RANGE_LOOP_ANALYSIS = YES;
				CLANG_WARN_STRICT_PROTOTYPES = YES;
				CLANG_WARN_SUSPICIOUS_MOVE = YES;
				CLANG_WARN_UNGUARDED_AVAILABILITY = YES_AGGRESSIVE;
				CLANG_WARN_UNREACHABLE_CODE = YES;
				CLANG_WARN__DUPLICATE_METHOD_MATCH = YES;
				COPY_PHASE_STRIP = NO;
				DEBUG_INFORMATION_FORMAT = "dwarf-with-dsym";
				ENABLE_NS_ASSERTIONS = NO;
				ENABLE_STRICT_OBJC_MSGSEND = YES;
				GCC_C_LANGUAGE_STANDARD = gnu11;
				GCC_NO_COMMON_BLOCKS = YES;
				GCC_WARN_64_TO_32_BIT_CONVERSION = YES;
				GCC_WARN_ABOUT_RETURN_TYPE = YES_ERROR;
				GCC_WARN_UNDECLARED_SELECTOR = YES;
				GCC_WARN_UNINITIALIZED_AUTOS = YES_AGGRESSIVE;
				GCC_WARN_UNUSED_FUNCTION = YES;
				GCC_WARN_UNUSED_VARIABLE = YES;
				IPHONEOS_DEPLOYMENT_TARGET = 13.0;
				MTL_ENABLE_DEBUG_INFO = NO;
				MTL_FAST_MATH = YES;
				SDKROOT = iphoneos;
				SWIFT_COMPILATION_MODE = wholemodule;
				SWIFT_OPTIMIZATION_LEVEL = "-O";
				VALIDATE_PRODUCT = YES;
			};
			name = Release;
		};
		331B6F692343B38D0001C520 /* Debug */ = {
			isa = XCBuildConfiguration;
			buildSettings = {
				ASSETCATALOG_COMPILER_APPICON_NAME = AppIcon;
				CODE_SIGN_STYLE = Automatic;
				DEVELOPMENT_TEAM = L5UZAT7KA9;
				INFOPLIST_FILE = "iOS8-SimpleAudioRecorder/Info.plist";
				LD_RUNPATH_SEARCH_PATHS = (
					"$(inherited)",
					"@executable_path/Frameworks",
				);
				PRODUCT_BUNDLE_IDENTIFIER = "com.redeggproductions.iOS8-SimpleAudioRecorder";
				PRODUCT_NAME = "$(TARGET_NAME)";
				SWIFT_VERSION = 5.0;
				TARGETED_DEVICE_FAMILY = "1,2";
			};
			name = Debug;
		};
		331B6F6A2343B38D0001C520 /* Release */ = {
			isa = XCBuildConfiguration;
			buildSettings = {
				ASSETCATALOG_COMPILER_APPICON_NAME = AppIcon;
				CODE_SIGN_STYLE = Automatic;
				DEVELOPMENT_TEAM = L5UZAT7KA9;
				INFOPLIST_FILE = "iOS8-SimpleAudioRecorder/Info.plist";
				LD_RUNPATH_SEARCH_PATHS = (
					"$(inherited)",
					"@executable_path/Frameworks",
				);
				PRODUCT_BUNDLE_IDENTIFIER = "com.redeggproductions.iOS8-SimpleAudioRecorder";
				PRODUCT_NAME = "$(TARGET_NAME)";
				SWIFT_VERSION = 5.0;
				TARGETED_DEVICE_FAMILY = "1,2";
			};
			name = Release;
		};
/* End XCBuildConfiguration section */

/* Begin XCConfigurationList section */
		331B6F4F2343B38C0001C520 /* Build configuration list for PBXProject "iOS8-SimpleAudioRecorder" */ = {
			isa = XCConfigurationList;
			buildConfigurations = (
				331B6F662343B38D0001C520 /* Debug */,
				331B6F672343B38D0001C520 /* Release */,
			);
			defaultConfigurationIsVisible = 0;
			defaultConfigurationName = Release;
		};
		331B6F682343B38D0001C520 /* Build configuration list for PBXNativeTarget "iOS8-SimpleAudioRecorder" */ = {
			isa = XCConfigurationList;
			buildConfigurations = (
				331B6F692343B38D0001C520 /* Debug */,
				331B6F6A2343B38D0001C520 /* Release */,
			);
			defaultConfigurationIsVisible = 0;
			defaultConfigurationName = Release;
		};
/* End XCConfigurationList section */
	};
	rootObject = 331B6F4C2343B38C0001C520 /* Project object */;
}
